
Microsoft Visual Studio Solution File, Format Version 12.00
# Visual Studio Version 16
VisualStudioVersion = 16.0.29418.71
MinimumVisualStudioVersion = 10.0.40219.1
Project("{9A19103F-16F7-4668-BE54-9A1E7A4F7556}") = "Demo.Api", "Demo.Api\Demo.Api.csproj", "{CE9AAAE3-4C6B-465E-B53F-12A05D31077D}"
EndProject
Project("{9A19103F-16F7-4668-BE54-9A1E7A4F7556}") = "Demo.Core.Database", "Demo.Core.Database\Demo.Core.Database.csproj", "{0E9A0AD8-2AF3-4282-A800-745166260645}"
EndProject
Project("{9A19103F-16F7-4668-BE54-9A1E7A4F7556}") = "Demo.Core.Domain", "Demo.Core.Domain\Demo.Core.Domain.csproj", "{C6987B3F-B2F7-49A1-94A9-F3F3DCEB14AB}"
EndProject
Project("{9A19103F-16F7-4668-BE54-9A1E7A4F7556}") = "Demo.Core.Infrastructure", "Demo.Core.Infrastructure\Demo.Core.Infrastructure.csproj", "{1DC23BE9-7CBC-4430-9F77-99554903EA46}"
EndProject
Project("{9A19103F-16F7-4668-BE54-9A1E7A4F7556}") = "Demo.Modules.ApplicationModule", "Demo.Modules.ApplicationModule\Demo.Modules.ApplicationModule.csproj", "{05836726-9E4F-4EF5-9692-CBEB8533D8BF}"
EndProject
Project("{9A19103F-16F7-4668-BE54-9A1E7A4F7556}") = "Demo.Modules.ApplicationModule.Tests", "Demo.Modules.ApplicationModule.Tests\Demo.Modules.ApplicationModule.Tests.csproj", "{2CC19136-A963-4818-BCE5-E3A231A75B24}"
EndProject
Project("{9A19103F-16F7-4668-BE54-9A1E7A4F7556}") = "Demo.Modules.RolesModule", "Demo.Modules.RolesModule\Demo.Modules.RolesModule.csproj", "{A4B8B507-907D-4B15-885D-E1AC1C2DB92B}"
EndProject
Project("{9A19103F-16F7-4668-BE54-9A1E7A4F7556}") = "Demo.Modules.RulesModule.Tests", "Demo.Modules.RolesModule.Tests\Demo.Modules.RulesModule.Tests.csproj", "{99D69412-EAF2-4849-9BE0-FEEBAFD066DC}"
EndProject
Project("{2150E333-8FDC-42A3-9474-1A3956D46DE8}") = "Core", "Core", "{2D0978BE-2F47-4573-A5C2-A4E98517F39F}"
EndProject
Project("{2150E333-8FDC-42A3-9474-1A3956D46DE8}") = "Modules", "Modules", "{A23E9800-8A7C-4D95-86BE-FABF4E63DA6F}"
EndProject
Project("{2150E333-8FDC-42A3-9474-1A3956D46DE8}") = "Application", "Application", "{D4A1EF66-28F9-4D74-A27E-89F84B64E7B0}"
EndProject
Project("{2150E333-8FDC-42A3-9474-1A3956D46DE8}") = "Role", "Role", "{CBDFC4AA-905F-4FD0-9E8C-E019C654CE12}"
EndProject
Project("{2150E333-8FDC-42A3-9474-1A3956D46DE8}") = "Tests", "Tests", "{480A3B5C-50B1-4FEF-B11A-E690FA523E40}"
EndProject
Project("{2150E333-8FDC-42A3-9474-1A3956D46DE8}") = "Tests", "Tests", "{A7E47D4B-357F-48FE-AF67-3D1747BB062C}"
EndProject
Project("{E53339B2-1760-4266-BCC7-CA923CBCF16C}") = "docker-compose", "docker-compose.dcproj", "{FD3A6770-48B1-4F6B-9E39-52BEE97F353B}"
EndProject
Global
	GlobalSection(SolutionConfigurationPlatforms) = preSolution
		Debug|Any CPU = Debug|Any CPU
		Release|Any CPU = Release|Any CPU
	EndGlobalSection
	GlobalSection(ProjectConfigurationPlatforms) = postSolution
		{CE9AAAE3-4C6B-465E-B53F-12A05D31077D}.Debug|Any CPU.ActiveCfg = Debug|Any CPU
		{CE9AAAE3-4C6B-465E-B53F-12A05D31077D}.Debug|Any CPU.Build.0 = Debug|Any CPU
		{CE9AAAE3-4C6B-465E-B53F-12A05D31077D}.Release|Any CPU.ActiveCfg = Release|Any CPU
		{CE9AAAE3-4C6B-465E-B53F-12A05D31077D}.Release|Any CPU.Build.0 = Release|Any CPU
		{0E9A0AD8-2AF3-4282-A800-745166260645}.Debug|Any CPU.ActiveCfg = Debug|Any CPU
		{0E9A0AD8-2AF3-4282-A800-745166260645}.Debug|Any CPU.Build.0 = Debug|Any CPU
		{0E9A0AD8-2AF3-4282-A800-745166260645}.Release|Any CPU.ActiveCfg = Release|Any CPU
		{0E9A0AD8-2AF3-4282-A800-745166260645}.Release|Any CPU.Build.0 = Release|Any CPU
		{C6987B3F-B2F7-49A1-94A9-F3F3DCEB14AB}.Debug|Any CPU.ActiveCfg = Debug|Any CPU
		{C6987B3F-B2F7-49A1-94A9-F3F3DCEB14AB}.Debug|Any CPU.Build.0 = Debug|Any CPU
		{C6987B3F-B2F7-49A1-94A9-F3F3DCEB14AB}.Release|Any CPU.ActiveCfg = Release|Any CPU
		{C6987B3F-B2F7-49A1-94A9-F3F3DCEB14AB}.Release|Any CPU.Build.0 = Release|Any CPU
		{1DC23BE9-7CBC-4430-9F77-99554903EA46}.Debug|Any CPU.ActiveCfg = Debug|Any CPU
		{1DC23BE9-7CBC-4430-9F77-99554903EA46}.Debug|Any CPU.Build.0 = Debug|Any CPU
		{1DC23BE9-7CBC-4430-9F77-99554903EA46}.Release|Any CPU.ActiveCfg = Release|Any CPU
		{1DC23BE9-7CBC-4430-9F77-99554903EA46}.Release|Any CPU.Build.0 = Release|Any CPU
		{05836726-9E4F-4EF5-9692-CBEB8533D8BF}.Debug|Any CPU.ActiveCfg = Debug|Any CPU
		{05836726-9E4F-4EF5-9692-CBEB8533D8BF}.Debug|Any CPU.Build.0 = Debug|Any CPU
		{05836726-9E4F-4EF5-9692-CBEB8533D8BF}.Release|Any CPU.ActiveCfg = Release|Any CPU
		{05836726-9E4F-4EF5-9692-CBEB8533D8BF}.Release|Any CPU.Build.0 = Release|Any CPU
		{2CC19136-A963-4818-BCE5-E3A231A75B24}.Debug|Any CPU.ActiveCfg = Debug|Any CPU
		{2CC19136-A963-4818-BCE5-E3A231A75B24}.Debug|Any CPU.Build.0 = Debug|Any CPU
		{2CC19136-A963-4818-BCE5-E3A231A75B24}.Release|Any CPU.ActiveCfg = Release|Any CPU
		{2CC19136-A963-4818-BCE5-E3A231A75B24}.Release|Any CPU.Build.0 = Release|Any CPU
		{A4B8B507-907D-4B15-885D-E1AC1C2DB92B}.Debug|Any CPU.ActiveCfg = Debug|Any CPU
		{A4B8B507-907D-4B15-885D-E1AC1C2DB92B}.Debug|Any CPU.Build.0 = Debug|Any CPU
		{A4B8B507-907D-4B15-885D-E1AC1C2DB92B}.Release|Any CPU.ActiveCfg = Release|Any CPU
		{A4B8B507-907D-4B15-885D-E1AC1C2DB92B}.Release|Any CPU.Build.0 = Release|Any CPU
		{99D69412-EAF2-4849-9BE0-FEEBAFD066DC}.Debug|Any CPU.ActiveCfg = Debug|Any CPU
		{99D69412-EAF2-4849-9BE0-FEEBAFD066DC}.Debug|Any CPU.Build.0 = Debug|Any CPU
		{99D69412-EAF2-4849-9BE0-FEEBAFD066DC}.Release|Any CPU.ActiveCfg = Release|Any CPU
		{99D69412-EAF2-4849-9BE0-FEEBAFD066DC}.Release|Any CPU.Build.0 = Release|Any CPU
		{FD3A6770-48B1-4F6B-9E39-52BEE97F353B}.Debug|Any CPU.ActiveCfg = Debug|Any CPU
		{FD3A6770-48B1-4F6B-9E39-52BEE97F353B}.Debug|Any CPU.Build.0 = Debug|Any CPU
		{FD3A6770-48B1-4F6B-9E39-52BEE97F353B}.Release|Any CPU.ActiveCfg = Release|Any CPU
		{FD3A6770-48B1-4F6B-9E39-52BEE97F353B}.Release|Any CPU.Build.0 = Release|Any CPU
	EndGlobalSection
	GlobalSection(SolutionProperties) = preSolution
		HideSolutionNode = FALSE
	EndGlobalSection
	GlobalSection(NestedProjects) = preSolution
		{0E9A0AD8-2AF3-4282-A800-745166260645} = {2D0978BE-2F47-4573-A5C2-A4E98517F39F}
		{C6987B3F-B2F7-49A1-94A9-F3F3DCEB14AB} = {2D0978BE-2F47-4573-A5C2-A4E98517F39F}
		{1DC23BE9-7CBC-4430-9F77-99554903EA46} = {2D0978BE-2F47-4573-A5C2-A4E98517F39F}
		{05836726-9E4F-4EF5-9692-CBEB8533D8BF} = {D4A1EF66-28F9-4D74-A27E-89F84B64E7B0}
		{2CC19136-A963-4818-BCE5-E3A231A75B24} = {480A3B5C-50B1-4FEF-B11A-E690FA523E40}
		{A4B8B507-907D-4B15-885D-E1AC1C2DB92B} = {CBDFC4AA-905F-4FD0-9E8C-E019C654CE12}
		{99D69412-EAF2-4849-9BE0-FEEBAFD066DC} = {A7E47D4B-357F-48FE-AF67-3D1747BB062C}
		{D4A1EF66-28F9-4D74-A27E-89F84B64E7B0} = {A23E9800-8A7C-4D95-86BE-FABF4E63DA6F}
		{CBDFC4AA-905F-4FD0-9E8C-E019C654CE12} = {A23E9800-8A7C-4D95-86BE-FABF4E63DA6F}
		{480A3B5C-50B1-4FEF-B11A-E690FA523E40} = {D4A1EF66-28F9-4D74-A27E-89F84B64E7B0}
		{A7E47D4B-357F-48FE-AF67-3D1747BB062C} = {CBDFC4AA-905F-4FD0-9E8C-E019C654CE12}
	EndGlobalSection
	GlobalSection(ExtensibilityGlobals) = postSolution
		SolutionGuid = {2713DE2B-3780-42EE-9641-ABC0B65655A9}
	EndGlobalSection
EndGlobal
