
Microsoft Visual Studio Solution File, Format Version 12.00
# Visual Studio Version 16
VisualStudioVersion = 16.0.29418.71
MinimumVisualStudioVersion = 10.0.40219.1
Project("{9A19103F-16F7-4668-BE54-9A1E7A4F7556}") = "Demo.Api", "Demo.Api\Demo.Api.csproj", "{5A268871-149D-4F83-AC5A-2AD118A3F692}"
EndProject
Project("{2150E333-8FDC-42A3-9474-1A3956D46DE8}") = "Core", "Core", "{5CBCFBC2-E0D9-46F7-89D4-DD913C7E1056}"
EndProject
Project("{2150E333-8FDC-42A3-9474-1A3956D46DE8}") = "Modules", "Modules", "{CE0B719C-0C3B-4491-890D-DE903C832C71}"
EndProject
Project("{9A19103F-16F7-4668-BE54-9A1E7A4F7556}") = "Demo.Core.Database", "Demo.Core.Database\Demo.Core.Database.csproj", "{8A6E89A6-7E46-474A-AAE9-0B0E50604035}"
EndProject
Project("{9A19103F-16F7-4668-BE54-9A1E7A4F7556}") = "Demo.Core.Domain", "Demo.Core.Domain\Demo.Core.Domain.csproj", "{6E9CA223-94F5-45EB-82DC-4717B49CBFD8}"
EndProject
Project("{2150E333-8FDC-42A3-9474-1A3956D46DE8}") = "Application", "Application", "{EE93F64E-8CF6-49C5-AAA6-716F2FF8CBE3}"
EndProject
Project("{9A19103F-16F7-4668-BE54-9A1E7A4F7556}") = "Demo.Modules.ApplicationModule", "Demo.Modules.ApplicationModule\Demo.Modules.ApplicationModule.csproj", "{64713EF2-5460-48EB-BCFC-5F59338D4F43}"
EndProject
Project("{E53339B2-1760-4266-BCC7-CA923CBCF16C}") = "docker-compose", "docker-compose.dcproj", "{A6C424F6-F650-44C9-A19F-83BCC2CCCFE0}"
EndProject
Project("{9A19103F-16F7-4668-BE54-9A1E7A4F7556}") = "Demo.Core.Infrastructure", "Demo.Core.Infrastructure\Demo.Core.Infrastructure.csproj", "{F7242D21-2AEA-4E44-B645-D40A6F27D485}"
EndProject
Project("{2150E333-8FDC-42A3-9474-1A3956D46DE8}") = "Roles", "Roles", "{F7DFBE49-936C-4B2E-8379-DD2393046701}"
EndProject
Project("{9A19103F-16F7-4668-BE54-9A1E7A4F7556}") = "Demo.Modules.RolesModule", "Demo.Modules.RolesModule\Demo.Modules.RolesModule.csproj", "{82A649AF-1248-4BB6-8893-39D6217C7E69}"
EndProject
Project("{2150E333-8FDC-42A3-9474-1A3956D46DE8}") = "Tests", "Tests", "{02448EF7-2910-4AAC-B1A3-EEE4D429F7AB}"
EndProject
Project("{2150E333-8FDC-42A3-9474-1A3956D46DE8}") = "Tests", "Tests", "{14B31194-7C6D-447E-91C9-8AC5AC86A56A}"
EndProject
Project("{9A19103F-16F7-4668-BE54-9A1E7A4F7556}") = "Demo.Modules.RulesModule.Tests", "Demo.Modules.RolesModule.Tests\Demo.Modules.RulesModule.Tests.csproj", "{82B6B327-F3AB-41E6-8D2B-293B24A461EE}"
EndProject
Project("{9A19103F-16F7-4668-BE54-9A1E7A4F7556}") = "Demo.Modules.ApplicationModule.Tests", "Demo.Modules.ApplicationModule.Tests\Demo.Modules.ApplicationModule.Tests.csproj", "{AEEA9DF9-2DA8-448D-817B-E71F32ECA1C8}"
EndProject
Global
	GlobalSection(SolutionConfigurationPlatforms) = preSolution
		Debug|Any CPU = Debug|Any CPU
		Release|Any CPU = Release|Any CPU
	EndGlobalSection
	GlobalSection(ProjectConfigurationPlatforms) = postSolution
		{5A268871-149D-4F83-AC5A-2AD118A3F692}.Debug|Any CPU.ActiveCfg = Debug|Any CPU
		{5A268871-149D-4F83-AC5A-2AD118A3F692}.Debug|Any CPU.Build.0 = Debug|Any CPU
		{5A268871-149D-4F83-AC5A-2AD118A3F692}.Release|Any CPU.ActiveCfg = Release|Any CPU
		{5A268871-149D-4F83-AC5A-2AD118A3F692}.Release|Any CPU.Build.0 = Release|Any CPU
		{8A6E89A6-7E46-474A-AAE9-0B0E50604035}.Debug|Any CPU.ActiveCfg = Debug|Any CPU
		{8A6E89A6-7E46-474A-AAE9-0B0E50604035}.Debug|Any CPU.Build.0 = Debug|Any CPU
		{8A6E89A6-7E46-474A-AAE9-0B0E50604035}.Release|Any CPU.ActiveCfg = Release|Any CPU
		{8A6E89A6-7E46-474A-AAE9-0B0E50604035}.Release|Any CPU.Build.0 = Release|Any CPU
		{6E9CA223-94F5-45EB-82DC-4717B49CBFD8}.Debug|Any CPU.ActiveCfg = Debug|Any CPU
		{6E9CA223-94F5-45EB-82DC-4717B49CBFD8}.Debug|Any CPU.Build.0 = Debug|Any CPU
		{6E9CA223-94F5-45EB-82DC-4717B49CBFD8}.Release|Any CPU.ActiveCfg = Release|Any CPU
		{6E9CA223-94F5-45EB-82DC-4717B49CBFD8}.Release|Any CPU.Build.0 = Release|Any CPU
		{64713EF2-5460-48EB-BCFC-5F59338D4F43}.Debug|Any CPU.ActiveCfg = Debug|Any CPU
		{64713EF2-5460-48EB-BCFC-5F59338D4F43}.Debug|Any CPU.Build.0 = Debug|Any CPU
		{64713EF2-5460-48EB-BCFC-5F59338D4F43}.Release|Any CPU.ActiveCfg = Release|Any CPU
		{64713EF2-5460-48EB-BCFC-5F59338D4F43}.Release|Any CPU.Build.0 = Release|Any CPU
		{A6C424F6-F650-44C9-A19F-83BCC2CCCFE0}.Debug|Any CPU.ActiveCfg = Debug|Any CPU
		{A6C424F6-F650-44C9-A19F-83BCC2CCCFE0}.Debug|Any CPU.Build.0 = Debug|Any CPU
		{A6C424F6-F650-44C9-A19F-83BCC2CCCFE0}.Release|Any CPU.ActiveCfg = Release|Any CPU
		{A6C424F6-F650-44C9-A19F-83BCC2CCCFE0}.Release|Any CPU.Build.0 = Release|Any CPU
		{F7242D21-2AEA-4E44-B645-D40A6F27D485}.Debug|Any CPU.ActiveCfg = Debug|Any CPU
		{F7242D21-2AEA-4E44-B645-D40A6F27D485}.Debug|Any CPU.Build.0 = Debug|Any CPU
		{F7242D21-2AEA-4E44-B645-D40A6F27D485}.Release|Any CPU.ActiveCfg = Release|Any CPU
		{F7242D21-2AEA-4E44-B645-D40A6F27D485}.Release|Any CPU.Build.0 = Release|Any CPU
		{82A649AF-1248-4BB6-8893-39D6217C7E69}.Debug|Any CPU.ActiveCfg = Debug|Any CPU
		{82A649AF-1248-4BB6-8893-39D6217C7E69}.Debug|Any CPU.Build.0 = Debug|Any CPU
		{82A649AF-1248-4BB6-8893-39D6217C7E69}.Release|Any CPU.ActiveCfg = Release|Any CPU
		{82A649AF-1248-4BB6-8893-39D6217C7E69}.Release|Any CPU.Build.0 = Release|Any CPU
		{82B6B327-F3AB-41E6-8D2B-293B24A461EE}.Debug|Any CPU.ActiveCfg = Debug|Any CPU
		{82B6B327-F3AB-41E6-8D2B-293B24A461EE}.Debug|Any CPU.Build.0 = Debug|Any CPU
		{82B6B327-F3AB-41E6-8D2B-293B24A461EE}.Release|Any CPU.ActiveCfg = Release|Any CPU
		{82B6B327-F3AB-41E6-8D2B-293B24A461EE}.Release|Any CPU.Build.0 = Release|Any CPU
		{AEEA9DF9-2DA8-448D-817B-E71F32ECA1C8}.Debug|Any CPU.ActiveCfg = Debug|Any CPU
		{AEEA9DF9-2DA8-448D-817B-E71F32ECA1C8}.Debug|Any CPU.Build.0 = Debug|Any CPU
		{AEEA9DF9-2DA8-448D-817B-E71F32ECA1C8}.Release|Any CPU.ActiveCfg = Release|Any CPU
		{AEEA9DF9-2DA8-448D-817B-E71F32ECA1C8}.Release|Any CPU.Build.0 = Release|Any CPU
	EndGlobalSection
	GlobalSection(SolutionProperties) = preSolution
		HideSolutionNode = FALSE
	EndGlobalSection
	GlobalSection(NestedProjects) = preSolution
		{8A6E89A6-7E46-474A-AAE9-0B0E50604035} = {5CBCFBC2-E0D9-46F7-89D4-DD913C7E1056}
		{6E9CA223-94F5-45EB-82DC-4717B49CBFD8} = {5CBCFBC2-E0D9-46F7-89D4-DD913C7E1056}
		{EE93F64E-8CF6-49C5-AAA6-716F2FF8CBE3} = {CE0B719C-0C3B-4491-890D-DE903C832C71}
		{64713EF2-5460-48EB-BCFC-5F59338D4F43} = {EE93F64E-8CF6-49C5-AAA6-716F2FF8CBE3}
		{F7242D21-2AEA-4E44-B645-D40A6F27D485} = {5CBCFBC2-E0D9-46F7-89D4-DD913C7E1056}
		{F7DFBE49-936C-4B2E-8379-DD2393046701} = {CE0B719C-0C3B-4491-890D-DE903C832C71}
		{82A649AF-1248-4BB6-8893-39D6217C7E69} = {F7DFBE49-936C-4B2E-8379-DD2393046701}
		{02448EF7-2910-4AAC-B1A3-EEE4D429F7AB} = {F7DFBE49-936C-4B2E-8379-DD2393046701}
		{14B31194-7C6D-447E-91C9-8AC5AC86A56A} = {EE93F64E-8CF6-49C5-AAA6-716F2FF8CBE3}
		{82B6B327-F3AB-41E6-8D2B-293B24A461EE} = {02448EF7-2910-4AAC-B1A3-EEE4D429F7AB}
		{AEEA9DF9-2DA8-448D-817B-E71F32ECA1C8} = {14B31194-7C6D-447E-91C9-8AC5AC86A56A}
	EndGlobalSection
	GlobalSection(ExtensibilityGlobals) = postSolution
		SolutionGuid = {21D22024-A141-40A8-A7A0-26DA02BE7A45}
	EndGlobalSection
EndGlobal
